// !$*UTF8*$!
{
	archiveVersion = 1;
	classes = {
	};
	objectVersion = 46;
	objects = {

/* Begin PBXBuildFile section */
		2B6B22068A9080A37F980FD1 /* Pods_VerloopSDK.framework in Frameworks */ = {isa = PBXBuildFile; fileRef = 5447A45254A7D2F1866658AF /* Pods_VerloopSDK.framework */; };
		8F186B661ED5DB3300147686 /* AppDelegate.swift in Sources */ = {isa = PBXBuildFile; fileRef = 8F186B651ED5DB3300147686 /* AppDelegate.swift */; };
		8F186B681ED5DB3300147686 /* ViewController.swift in Sources */ = {isa = PBXBuildFile; fileRef = 8F186B671ED5DB3300147686 /* ViewController.swift */; };
		8F186B6B1ED5DB3300147686 /* Main.storyboard in Resources */ = {isa = PBXBuildFile; fileRef = 8F186B691ED5DB3300147686 /* Main.storyboard */; };
		8F186B6D1ED5DB3300147686 /* Assets.xcassets in Resources */ = {isa = PBXBuildFile; fileRef = 8F186B6C1ED5DB3300147686 /* Assets.xcassets */; };
		8F186B701ED5DB3300147686 /* LaunchScreen.storyboard in Resources */ = {isa = PBXBuildFile; fileRef = 8F186B6E1ED5DB3300147686 /* LaunchScreen.storyboard */; };
		8F186B791ED5DB9700147686 /* Verloop.swift in Sources */ = {isa = PBXBuildFile; fileRef = 8F186B781ED5DB9700147686 /* Verloop.swift */; };
		8F186B7B1ED5DC1600147686 /* VerloopChatViewController.swift in Sources */ = {isa = PBXBuildFile; fileRef = 8F186B7A1ED5DC1600147686 /* VerloopChatViewController.swift */; };
		8F186B7D1ED5F05C00147686 /* VerloopConfig.swift in Sources */ = {isa = PBXBuildFile; fileRef = 8F186B7C1ED5F05C00147686 /* VerloopConfig.swift */; };
/* End PBXBuildFile section */

/* Begin PBXFileReference section */
		23D7AE61BE5F99FCFB45D865 /* Pods-VerloopSDK.release.xcconfig */ = {isa = PBXFileReference; includeInIndex = 1; lastKnownFileType = text.xcconfig; name = "Pods-VerloopSDK.release.xcconfig"; path = "Pods/Target Support Files/Pods-VerloopSDK/Pods-VerloopSDK.release.xcconfig"; sourceTree = "<group>"; };
		5447A45254A7D2F1866658AF /* Pods_VerloopSDK.framework */ = {isa = PBXFileReference; explicitFileType = wrapper.framework; includeInIndex = 0; path = Pods_VerloopSDK.framework; sourceTree = BUILT_PRODUCTS_DIR; };
		83DE23173E939AB353C17342 /* Pods-VerloopSDK.debug.xcconfig */ = {isa = PBXFileReference; includeInIndex = 1; lastKnownFileType = text.xcconfig; name = "Pods-VerloopSDK.debug.xcconfig"; path = "Pods/Target Support Files/Pods-VerloopSDK/Pods-VerloopSDK.debug.xcconfig"; sourceTree = "<group>"; };
		8F186B621ED5DB3300147686 /* VerloopSDK.app */ = {isa = PBXFileReference; explicitFileType = wrapper.application; includeInIndex = 0; path = VerloopSDK.app; sourceTree = BUILT_PRODUCTS_DIR; };
		8F186B651ED5DB3300147686 /* AppDelegate.swift */ = {isa = PBXFileReference; lastKnownFileType = sourcecode.swift; path = AppDelegate.swift; sourceTree = "<group>"; };
		8F186B671ED5DB3300147686 /* ViewController.swift */ = {isa = PBXFileReference; lastKnownFileType = sourcecode.swift; path = ViewController.swift; sourceTree = "<group>"; };
		8F186B6A1ED5DB3300147686 /* Base */ = {isa = PBXFileReference; lastKnownFileType = file.storyboard; name = Base; path = Base.lproj/Main.storyboard; sourceTree = "<group>"; };
		8F186B6C1ED5DB3300147686 /* Assets.xcassets */ = {isa = PBXFileReference; lastKnownFileType = folder.assetcatalog; path = Assets.xcassets; sourceTree = "<group>"; };
		8F186B6F1ED5DB3300147686 /* Base */ = {isa = PBXFileReference; lastKnownFileType = file.storyboard; name = Base; path = Base.lproj/LaunchScreen.storyboard; sourceTree = "<group>"; };
		8F186B711ED5DB3300147686 /* Info.plist */ = {isa = PBXFileReference; lastKnownFileType = text.plist.xml; path = Info.plist; sourceTree = "<group>"; };
		8F186B781ED5DB9700147686 /* Verloop.swift */ = {isa = PBXFileReference; fileEncoding = 4; lastKnownFileType = sourcecode.swift; name = Verloop.swift; path = Verloop/Verloop.swift; sourceTree = "<group>"; };
		8F186B7A1ED5DC1600147686 /* VerloopChatViewController.swift */ = {isa = PBXFileReference; fileEncoding = 4; lastKnownFileType = sourcecode.swift; name = VerloopChatViewController.swift; path = Verloop/VerloopChatViewController.swift; sourceTree = "<group>"; };
		8F186B7C1ED5F05C00147686 /* VerloopConfig.swift */ = {isa = PBXFileReference; fileEncoding = 4; lastKnownFileType = sourcecode.swift; name = VerloopConfig.swift; path = Verloop/VerloopConfig.swift; sourceTree = "<group>"; };
		8F5851441EDAAE1A001B7393 /* VerloopSDK.entitlements */ = {isa = PBXFileReference; lastKnownFileType = text.plist.entitlements; path = VerloopSDK.entitlements; sourceTree = "<group>"; };
/* End PBXFileReference section */

/* Begin PBXFrameworksBuildPhase section */
		8F186B5F1ED5DB3300147686 /* Frameworks */ = {
			isa = PBXFrameworksBuildPhase;
			buildActionMask = 2147483647;
			files = (
				2B6B22068A9080A37F980FD1 /* Pods_VerloopSDK.framework in Frameworks */,
			);
			runOnlyForDeploymentPostprocessing = 0;
		};
/* End PBXFrameworksBuildPhase section */

/* Begin PBXGroup section */
		3D2FD2AE67866E19FFB5B2D7 /* Pods */ = {
			isa = PBXGroup;
			children = (
				83DE23173E939AB353C17342 /* Pods-VerloopSDK.debug.xcconfig */,
				23D7AE61BE5F99FCFB45D865 /* Pods-VerloopSDK.release.xcconfig */,
			);
			name = Pods;
			sourceTree = "<group>";
		};
		8F186B591ED5DB3300147686 = {
			isa = PBXGroup;
			children = (
				8F186B641ED5DB3300147686 /* VerloopSDK */,
				8F186B631ED5DB3300147686 /* Products */,
				3D2FD2AE67866E19FFB5B2D7 /* Pods */,
				AE7E98E4ED4CA907D81134B5 /* Frameworks */,
			);
			sourceTree = "<group>";
		};
		8F186B631ED5DB3300147686 /* Products */ = {
			isa = PBXGroup;
			children = (
				8F186B621ED5DB3300147686 /* VerloopSDK.app */,
			);
			name = Products;
			sourceTree = "<group>";
		};
		8F186B641ED5DB3300147686 /* VerloopSDK */ = {
			isa = PBXGroup;
			children = (
				8F5851441EDAAE1A001B7393 /* VerloopSDK.entitlements */,
				8F186B771ED5DB7800147686 /* Verloop */,
				8F186B651ED5DB3300147686 /* AppDelegate.swift */,
				8F186B671ED5DB3300147686 /* ViewController.swift */,
				8F186B691ED5DB3300147686 /* Main.storyboard */,
				8F186B6C1ED5DB3300147686 /* Assets.xcassets */,
				8F186B6E1ED5DB3300147686 /* LaunchScreen.storyboard */,
				8F186B711ED5DB3300147686 /* Info.plist */,
			);
			path = VerloopSDK;
			sourceTree = "<group>";
		};
		8F186B771ED5DB7800147686 /* Verloop */ = {
			isa = PBXGroup;
			children = (
				8F186B781ED5DB9700147686 /* Verloop.swift */,
				8F186B7A1ED5DC1600147686 /* VerloopChatViewController.swift */,
				8F186B7C1ED5F05C00147686 /* VerloopConfig.swift */,
			);
			name = Verloop;
			sourceTree = "<group>";
		};
		AE7E98E4ED4CA907D81134B5 /* Frameworks */ = {
			isa = PBXGroup;
			children = (
				5447A45254A7D2F1866658AF /* Pods_VerloopSDK.framework */,
			);
			name = Frameworks;
			sourceTree = "<group>";
		};
/* End PBXGroup section */

/* Begin PBXNativeTarget section */
		8F186B611ED5DB3300147686 /* VerloopSDK */ = {
			isa = PBXNativeTarget;
			buildConfigurationList = 8F186B741ED5DB3300147686 /* Build configuration list for PBXNativeTarget "VerloopSDK" */;
			buildPhases = (
				1D758612255784CCE4554304 /* [CP] Check Pods Manifest.lock */,
				8F186B5E1ED5DB3300147686 /* Sources */,
				8F186B5F1ED5DB3300147686 /* Frameworks */,
				8F186B601ED5DB3300147686 /* Resources */,
				C4FAB272D92FA2A0DB71192A /* [CP] Embed Pods Frameworks */,
				3A2DB8D24156BEEDB2865D53 /* [CP] Copy Pods Resources */,
			);
			buildRules = (
			);
			dependencies = (
			);
			name = VerloopSDK;
			productName = VerloopSDK;
			productReference = 8F186B621ED5DB3300147686 /* VerloopSDK.app */;
			productType = "com.apple.product-type.application";
		};
/* End PBXNativeTarget section */

/* Begin PBXProject section */
		8F186B5A1ED5DB3300147686 /* Project object */ = {
			isa = PBXProject;
			attributes = {
				LastSwiftUpdateCheck = 0830;
				LastUpgradeCheck = 0830;
				ORGANIZATIONNAME = Verloop;
				TargetAttributes = {
					8F186B611ED5DB3300147686 = {
						CreatedOnToolsVersion = 8.3.1;
						DevelopmentTeam = RD9DJHU29N;
						ProvisioningStyle = Automatic;
						SystemCapabilities = {
							com.apple.BackgroundModes = {
								enabled = 1;
							};
							com.apple.Push = {
								enabled = 1;
							};
						};
					};
				};
			};
			buildConfigurationList = 8F186B5D1ED5DB3300147686 /* Build configuration list for PBXProject "VerloopSDK" */;
			compatibilityVersion = "Xcode 3.2";
			developmentRegion = English;
			hasScannedForEncodings = 0;
			knownRegions = (
				en,
				Base,
			);
			mainGroup = 8F186B591ED5DB3300147686;
			productRefGroup = 8F186B631ED5DB3300147686 /* Products */;
			projectDirPath = "";
			projectRoot = "";
			targets = (
				8F186B611ED5DB3300147686 /* VerloopSDK */,
			);
		};
/* End PBXProject section */

/* Begin PBXResourcesBuildPhase section */
		8F186B601ED5DB3300147686 /* Resources */ = {
			isa = PBXResourcesBuildPhase;
			buildActionMask = 2147483647;
			files = (
				8F186B701ED5DB3300147686 /* LaunchScreen.storyboard in Resources */,
				8F186B6D1ED5DB3300147686 /* Assets.xcassets in Resources */,
				8F186B6B1ED5DB3300147686 /* Main.storyboard in Resources */,
			);
			runOnlyForDeploymentPostprocessing = 0;
		};
/* End PBXResourcesBuildPhase section */

/* Begin PBXShellScriptBuildPhase section */
		1D758612255784CCE4554304 /* [CP] Check Pods Manifest.lock */ = {
			isa = PBXShellScriptBuildPhase;
			buildActionMask = 2147483647;
			files = (
			);
			inputPaths = (
			);
			name = "[CP] Check Pods Manifest.lock";
			outputPaths = (
			);
			runOnlyForDeploymentPostprocessing = 0;
			shellPath = /bin/sh;
			shellScript = "diff \"${PODS_PODFILE_DIR_PATH}/Podfile.lock\" \"${PODS_ROOT}/Manifest.lock\" > /dev/null\nif [ $? != 0 ] ; then\n    # print error to STDERR\n    echo \"error: The sandbox is not in sync with the Podfile.lock. Run 'pod install' or update your CocoaPods installation.\" >&2\n    exit 1\nfi\n";
			showEnvVarsInLog = 0;
		};
		3A2DB8D24156BEEDB2865D53 /* [CP] Copy Pods Resources */ = {
			isa = PBXShellScriptBuildPhase;
			buildActionMask = 2147483647;
			files = (
			);
			inputPaths = (
			);
			name = "[CP] Copy Pods Resources";
			outputPaths = (
			);
			runOnlyForDeploymentPostprocessing = 0;
			shellPath = /bin/sh;
			shellScript = "\"${SRCROOT}/Pods/Target Support Files/Pods-VerloopSDK/Pods-VerloopSDK-resources.sh\"\n";
			showEnvVarsInLog = 0;
		};
		C4FAB272D92FA2A0DB71192A /* [CP] Embed Pods Frameworks */ = {
			isa = PBXShellScriptBuildPhase;
			buildActionMask = 2147483647;
			files = (
			);
			inputPaths = (
			);
			name = "[CP] Embed Pods Frameworks";
			outputPaths = (
			);
			runOnlyForDeploymentPostprocessing = 0;
			shellPath = /bin/sh;
			shellScript = "\"${SRCROOT}/Pods/Target Support Files/Pods-VerloopSDK/Pods-VerloopSDK-frameworks.sh\"\n";
			showEnvVarsInLog = 0;
		};
/* End PBXShellScriptBuildPhase section */

/* Begin PBXSourcesBuildPhase section */
		8F186B5E1ED5DB3300147686 /* Sources */ = {
			isa = PBXSourcesBuildPhase;
			buildActionMask = 2147483647;
			files = (
				8F186B7B1ED5DC1600147686 /* VerloopChatViewController.swift in Sources */,
				8F186B7D1ED5F05C00147686 /* VerloopConfig.swift in Sources */,
				8F186B681ED5DB3300147686 /* ViewController.swift in Sources */,
				8F186B791ED5DB9700147686 /* Verloop.swift in Sources */,
				8F186B661ED5DB3300147686 /* AppDelegate.swift in Sources */,
			);
			runOnlyForDeploymentPostprocessing = 0;
		};
/* End PBXSourcesBuildPhase section */

/* Begin PBXVariantGroup section */
		8F186B691ED5DB3300147686 /* Main.storyboard */ = {
			isa = PBXVariantGroup;
			children = (
				8F186B6A1ED5DB3300147686 /* Base */,
			);
			name = Main.storyboard;
			sourceTree = "<group>";
		};
		8F186B6E1ED5DB3300147686 /* LaunchScreen.storyboard */ = {
			isa = PBXVariantGroup;
			children = (
				8F186B6F1ED5DB3300147686 /* Base */,
			);
			name = LaunchScreen.storyboard;
			sourceTree = "<group>";
		};
/* End PBXVariantGroup section */

/* Begin XCBuildConfiguration section */
		8F186B721ED5DB3300147686 /* Debug */ = {
			isa = XCBuildConfiguration;
			buildSettings = {
				ALWAYS_SEARCH_USER_PATHS = NO;
				CLANG_ANALYZER_NONNULL = YES;
				CLANG_ANALYZER_NUMBER_OBJECT_CONVERSION = YES_AGGRESSIVE;
				CLANG_CXX_LANGUAGE_STANDARD = "gnu++0x";
				CLANG_CXX_LIBRARY = "libc++";
				CLANG_ENABLE_MODULES = YES;
				CLANG_ENABLE_OBJC_ARC = YES;
				CLANG_WARN_BOOL_CONVERSION = YES;
				CLANG_WARN_CONSTANT_CONVERSION = YES;
				CLANG_WARN_DIRECT_OBJC_ISA_USAGE = YES_ERROR;
				CLANG_WARN_DOCUMENTATION_COMMENTS = YES;
				CLANG_WARN_EMPTY_BODY = YES;
				CLANG_WARN_ENUM_CONVERSION = YES;
				CLANG_WARN_INFINITE_RECURSION = YES;
				CLANG_WARN_INT_CONVERSION = YES;
				CLANG_WARN_OBJC_ROOT_CLASS = YES_ERROR;
				CLANG_WARN_SUSPICIOUS_MOVE = YES;
				CLANG_WARN_UNREACHABLE_CODE = YES;
				CLANG_WARN__DUPLICATE_METHOD_MATCH = YES;
				"CODE_SIGN_IDENTITY[sdk=iphoneos*]" = "iPhone Developer";
				COPY_PHASE_STRIP = NO;
				DEBUG_INFORMATION_FORMAT = dwarf;
				ENABLE_STRICT_OBJC_MSGSEND = YES;
				ENABLE_TESTABILITY = YES;
				GCC_C_LANGUAGE_STANDARD = gnu99;
				GCC_DYNAMIC_NO_PIC = NO;
				GCC_NO_COMMON_BLOCKS = YES;
				GCC_OPTIMIZATION_LEVEL = 0;
				GCC_PREPROCESSOR_DEFINITIONS = (
					"DEBUG=1",
					"$(inherited)",
				);
				GCC_WARN_64_TO_32_BIT_CONVERSION = YES;
				GCC_WARN_ABOUT_RETURN_TYPE = YES_ERROR;
				GCC_WARN_UNDECLARED_SELECTOR = YES;
				GCC_WARN_UNINITIALIZED_AUTOS = YES_AGGRESSIVE;
				GCC_WARN_UNUSED_FUNCTION = YES;
				GCC_WARN_UNUSED_VARIABLE = YES;
				IPHONEOS_DEPLOYMENT_TARGET = 8.0;
				MTL_ENABLE_DEBUG_INFO = YES;
				ONLY_ACTIVE_ARCH = YES;
				SDKROOT = iphoneos;
				SWIFT_ACTIVE_COMPILATION_CONDITIONS = DEBUG;
				SWIFT_OPTIMIZATION_LEVEL = "-Onone";
			};
			name = Debug;
		};
		8F186B731ED5DB3300147686 /* Release */ = {
			isa = XCBuildConfiguration;
			buildSettings = {
				ALWAYS_SEARCH_USER_PATHS = NO;
				CLANG_ANALYZER_NONNULL = YES;
				CLANG_ANALYZER_NUMBER_OBJECT_CONVERSION = YES_AGGRESSIVE;
				CLANG_CXX_LANGUAGE_STANDARD = "gnu++0x";
				CLANG_CXX_LIBRARY = "libc++";
				CLANG_ENABLE_MODULES = YES;
				CLANG_ENABLE_OBJC_ARC = YES;
				CLANG_WARN_BOOL_CONVERSION = YES;
				CLANG_WARN_CONSTANT_CONVERSION = YES;
				CLANG_WARN_DIRECT_OBJC_ISA_USAGE = YES_ERROR;
				CLANG_WARN_DOCUMENTATION_COMMENTS = YES;
				CLANG_WARN_EMPTY_BODY = YES;
				CLANG_WARN_ENUM_CONVERSION = YES;
				CLANG_WARN_INFINITE_RECURSION = YES;
				CLANG_WARN_INT_CONVERSION = YES;
				CLANG_WARN_OBJC_ROOT_CLASS = YES_ERROR;
				CLANG_WARN_SUSPICIOUS_MOVE = YES;
				CLANG_WARN_UNREACHABLE_CODE = YES;
				CLANG_WARN__DUPLICATE_METHOD_MATCH = YES;
				"CODE_SIGN_IDENTITY[sdk=iphoneos*]" = "iPhone Developer";
				COPY_PHASE_STRIP = NO;
				DEBUG_INFORMATION_FORMAT = "dwarf-with-dsym";
				ENABLE_NS_ASSERTIONS = NO;
				ENABLE_STRICT_OBJC_MSGSEND = YES;
				GCC_C_LANGUAGE_STANDARD = gnu99;
				GCC_NO_COMMON_BLOCKS = YES;
				GCC_WARN_64_TO_32_BIT_CONVERSION = YES;
				GCC_WARN_ABOUT_RETURN_TYPE = YES_ERROR;
				GCC_WARN_UNDECLARED_SELECTOR = YES;
				GCC_WARN_UNINITIALIZED_AUTOS = YES_AGGRESSIVE;
				GCC_WARN_UNUSED_FUNCTION = YES;
				GCC_WARN_UNUSED_VARIABLE = YES;
				IPHONEOS_DEPLOYMENT_TARGET = 8.0;
				MTL_ENABLE_DEBUG_INFO = NO;
				SDKROOT = iphoneos;
				SWIFT_OPTIMIZATION_LEVEL = "-Owholemodule";
				VALIDATE_PRODUCT = YES;
			};
			name = Release;
		};
		8F186B751ED5DB3300147686 /* Debug */ = {
			isa = XCBuildConfiguration;
			baseConfigurationReference = 83DE23173E939AB353C17342 /* Pods-VerloopSDK.debug.xcconfig */;
			buildSettings = {
				ASSETCATALOG_COMPILER_APPICON_NAME = AppIcon;
				CODE_SIGN_ENTITLEMENTS = VerloopSDK/VerloopSDK.entitlements;
				DEVELOPMENT_TEAM = RD9DJHU29N;
				INFOPLIST_FILE = VerloopSDK/Info.plist;
				LD_RUNPATH_SEARCH_PATHS = "$(inherited) @executable_path/Frameworks";
				PRODUCT_BUNDLE_IDENTIFIER = com.verloop.testapp;
				PRODUCT_NAME = "$(TARGET_NAME)";
				SWIFT_VERSION = 3.0;
			};
			name = Debug;
		};
		8F186B761ED5DB3300147686 /* Release */ = {
			isa = XCBuildConfiguration;
			baseConfigurationReference = 23D7AE61BE5F99FCFB45D865 /* Pods-VerloopSDK.release.xcconfig */;
			buildSettings = {
				ASSETCATALOG_COMPILER_APPICON_NAME = AppIcon;
				CODE_SIGN_ENTITLEMENTS = VerloopSDK/VerloopSDK.entitlements;
				DEVELOPMENT_TEAM = RD9DJHU29N;
				INFOPLIST_FILE = VerloopSDK/Info.plist;
				LD_RUNPATH_SEARCH_PATHS = "$(inherited) @executable_path/Frameworks";
				PRODUCT_BUNDLE_IDENTIFIER = com.verloop.testapp;
				PRODUCT_NAME = "$(TARGET_NAME)";
				SWIFT_VERSION = 3.0;
			};
			name = Release;
		};
/* End XCBuildConfiguration section */

/* Begin XCConfigurationList section */
		8F186B5D1ED5DB3300147686 /* Build configuration list for PBXProject "VerloopSDK" */ = {
			isa = XCConfigurationList;
			buildConfigurations = (
				8F186B721ED5DB3300147686 /* Debug */,
				8F186B731ED5DB3300147686 /* Release */,
			);
			defaultConfigurationIsVisible = 0;
			defaultConfigurationName = Release;
		};
		8F186B741ED5DB3300147686 /* Build configuration list for PBXNativeTarget "VerloopSDK" */ = {
			isa = XCConfigurationList;
			buildConfigurations = (
				8F186B751ED5DB3300147686 /* Debug */,
				8F186B761ED5DB3300147686 /* Release */,
			);
			defaultConfigurationIsVisible = 0;
			defaultConfigurationName = Release;
		};
/* End XCConfigurationList section */
	};
	rootObject = 8F186B5A1ED5DB3300147686 /* Project object */;
}
